
Microsoft Visual Studio Solution File, Format Version 12.00
# Visual Studio Version 17
VisualStudioVersion = 17.3.32901.215
MinimumVisualStudioVersion = 10.0.40219.1
Project("{FAE04EC0-301F-11D3-BF4B-00C04F79EFBC}") = "LogsDeleteApp", "LogsDeleteApp.csproj", "{FBC9CA25-6B84-44FA-A9D3-28A4CC52042B}"
EndProject
Global
	GlobalSection(SolutionConfigurationPlatforms) = preSolution
		Debug|Any CPU = Debug|Any CPU
		Release|Any CPU = Release|Any CPU
	EndGlobalSection
	GlobalSection(ProjectConfigurationPlatforms) = postSolution
		{FBC9CA25-6B84-44FA-A9D3-28A4CC52042B}.Debug|Any CPU.ActiveCfg = Debug|Any CPU
		{FBC9CA25-6B84-44FA-A9D3-28A4CC52042B}.Debug|Any CPU.Build.0 = Debug|Any CPU
		{FBC9CA25-6B84-44FA-A9D3-28A4CC52042B}.Release|Any CPU.ActiveCfg = Release|Any CPU
		{FBC9CA25-6B84-44FA-A9D3-28A4CC52042B}.Release|Any CPU.Build.0 = Release|Any CPU
	EndGlobalSection
	GlobalSection(SolutionProperties) = preSolution
		HideSolutionNode = FALSE
	EndGlobalSection
	GlobalSection(ExtensibilityGlobals) = postSolution
		SolutionGuid = {C12B7B3B-C8F4-4A97-BF17-7DAA5AE44CF0}
	EndGlobalSection
EndGlobal
